
Microsoft Visual Studio Solution File, Format Version 12.00
# Visual Studio 2017
Project("{FAE04EC0-301F-11D3-BF4B-00C04F79EFBC}") = "UnityInterface.Plugins", "UnityInterface.Plugins.csproj", "{A48BDB0E-FCD0-CFD2-E18F-79A536DB301F}"
EndProject
Project("{FAE04EC0-301F-11D3-BF4B-00C04F79EFBC}") = "UnityInterface", "UnityInterface.csproj", "{40C6349A-2745-1899-DCC7-09BF935862D2}"
EndProject
Project("{FAE04EC0-301F-11D3-BF4B-00C04F79EFBC}") = "UnityInterface.Editor.Plugins", "UnityInterface.Editor.Plugins.csproj", "{1C884FAE-66E4-C568-B677-0FE0C2589DC8}"
EndProject
Global
	GlobalSection(SolutionConfigurationPlatforms) = preSolution
		Debug|Any CPU = Debug|Any CPU
		Release|Any CPU = Release|Any CPU
	EndGlobalSection
	GlobalSection(ProjectConfigurationPlatforms) = postSolution
		{A48BDB0E-FCD0-CFD2-E18F-79A536DB301F}.Debug|Any CPU.ActiveCfg = Debug|Any CPU
		{A48BDB0E-FCD0-CFD2-E18F-79A536DB301F}.Debug|Any CPU.Build.0 = Debug|Any CPU
		{A48BDB0E-FCD0-CFD2-E18F-79A536DB301F}.Release|Any CPU.ActiveCfg = Release|Any CPU
		{A48BDB0E-FCD0-CFD2-E18F-79A536DB301F}.Release|Any CPU.Build.0 = Release|Any CPU
		{40C6349A-2745-1899-DCC7-09BF935862D2}.Debug|Any CPU.ActiveCfg = Debug|Any CPU
		{40C6349A-2745-1899-DCC7-09BF935862D2}.Debug|Any CPU.Build.0 = Debug|Any CPU
		{40C6349A-2745-1899-DCC7-09BF935862D2}.Release|Any CPU.ActiveCfg = Release|Any CPU
		{40C6349A-2745-1899-DCC7-09BF935862D2}.Release|Any CPU.Build.0 = Release|Any CPU
		{1C884FAE-66E4-C568-B677-0FE0C2589DC8}.Debug|Any CPU.ActiveCfg = Debug|Any CPU
		{1C884FAE-66E4-C568-B677-0FE0C2589DC8}.Debug|Any CPU.Build.0 = Debug|Any CPU
		{1C884FAE-66E4-C568-B677-0FE0C2589DC8}.Release|Any CPU.ActiveCfg = Release|Any CPU
		{1C884FAE-66E4-C568-B677-0FE0C2589DC8}.Release|Any CPU.Build.0 = Release|Any CPU
	EndGlobalSection
	GlobalSection(SolutionProperties) = preSolution
		HideSolutionNode = FALSE
	EndGlobalSection
EndGlobal
